
Microsoft Visual Studio Solution File, Format Version 12.00
# Visual Studio Version 17
VisualStudioVersion = 17.0.31611.283
MinimumVisualStudioVersion = 10.0.40219.1
Project("{9A19103F-16F7-4668-BE54-9A1E7A4F7556}") = "gnu_ballistics", "gnu_ballistics\gnu_ballistics.csproj", "{DC861A11-892B-4E2F-9B2C-CD624D11E508}"
EndProject
Project("{9A19103F-16F7-4668-BE54-9A1E7A4F7556}") = "base_logic", "base_logic\base_logic.csproj", "{7A2A810D-E56E-45D7-98B3-2D8A1477479A}"
EndProject
Project("{9A19103F-16F7-4668-BE54-9A1E7A4F7556}") = "testLib", "test_gnu_ballistics\testLib.csproj", "{5E7D2BCE-21DD-4D33-8034-F86362A5508E}"
EndProject
Project("{FAE04EC0-301F-11D3-BF4B-00C04F79EFBC}") = "Win_UI", "Win_UI\Win_UI.csproj", "{579ECD44-53C7-4F63-8F10-8DB5D35CD923}"
EndProject
Global
	GlobalSection(SolutionConfigurationPlatforms) = preSolution
		Debug|Any CPU = Debug|Any CPU
		Release|Any CPU = Release|Any CPU
	EndGlobalSection
	GlobalSection(ProjectConfigurationPlatforms) = postSolution
		{DC861A11-892B-4E2F-9B2C-CD624D11E508}.Debug|Any CPU.ActiveCfg = Debug|Any CPU
		{DC861A11-892B-4E2F-9B2C-CD624D11E508}.Debug|Any CPU.Build.0 = Debug|Any CPU
		{DC861A11-892B-4E2F-9B2C-CD624D11E508}.Release|Any CPU.ActiveCfg = Release|Any CPU
		{DC861A11-892B-4E2F-9B2C-CD624D11E508}.Release|Any CPU.Build.0 = Release|Any CPU
		{7A2A810D-E56E-45D7-98B3-2D8A1477479A}.Debug|Any CPU.ActiveCfg = Debug|Any CPU
		{7A2A810D-E56E-45D7-98B3-2D8A1477479A}.Debug|Any CPU.Build.0 = Debug|Any CPU
		{7A2A810D-E56E-45D7-98B3-2D8A1477479A}.Release|Any CPU.ActiveCfg = Release|Any CPU
		{7A2A810D-E56E-45D7-98B3-2D8A1477479A}.Release|Any CPU.Build.0 = Release|Any CPU
		{5E7D2BCE-21DD-4D33-8034-F86362A5508E}.Debug|Any CPU.ActiveCfg = Debug|Any CPU
		{5E7D2BCE-21DD-4D33-8034-F86362A5508E}.Debug|Any CPU.Build.0 = Debug|Any CPU
		{5E7D2BCE-21DD-4D33-8034-F86362A5508E}.Release|Any CPU.ActiveCfg = Release|Any CPU
		{5E7D2BCE-21DD-4D33-8034-F86362A5508E}.Release|Any CPU.Build.0 = Release|Any CPU
		{579ECD44-53C7-4F63-8F10-8DB5D35CD923}.Debug|Any CPU.ActiveCfg = Debug|Any CPU
		{579ECD44-53C7-4F63-8F10-8DB5D35CD923}.Debug|Any CPU.Build.0 = Debug|Any CPU
		{579ECD44-53C7-4F63-8F10-8DB5D35CD923}.Release|Any CPU.ActiveCfg = Release|Any CPU
		{579ECD44-53C7-4F63-8F10-8DB5D35CD923}.Release|Any CPU.Build.0 = Release|Any CPU
	EndGlobalSection
	GlobalSection(SolutionProperties) = preSolution
		HideSolutionNode = FALSE
	EndGlobalSection
	GlobalSection(ExtensibilityGlobals) = postSolution
		SolutionGuid = {61F7FB11-1E47-470C-91E2-47F8143E1572}
	EndGlobalSection
EndGlobal
